
Microsoft Visual Studio Solution File, Format Version 12.00
# Visual Studio Version 17
VisualStudioVersion = 17.11.35327.3
MinimumVisualStudioVersion = 10.0.40219.1
Project("{FAE04EC0-301F-11D3-BF4B-00C04F79EFBC}") = "grade-calculator", "grade-calculator.csproj", "{B919BFE0-6C70-4E66-9FC5-170FF6BC526D}"
EndProject
Global
	GlobalSection(SolutionConfigurationPlatforms) = preSolution
		Debug|Any CPU = Debug|Any CPU
		Release|Any CPU = Release|Any CPU
	EndGlobalSection
	GlobalSection(ProjectConfigurationPlatforms) = postSolution
		{B919BFE0-6C70-4E66-9FC5-170FF6BC526D}.Debug|Any CPU.ActiveCfg = Debug|Any CPU
		{B919BFE0-6C70-4E66-9FC5-170FF6BC526D}.Debug|Any CPU.Build.0 = Debug|Any CPU
		{B919BFE0-6C70-4E66-9FC5-170FF6BC526D}.Release|Any CPU.ActiveCfg = Release|Any CPU
		{B919BFE0-6C70-4E66-9FC5-170FF6BC526D}.Release|Any CPU.Build.0 = Release|Any CPU
	EndGlobalSection
	GlobalSection(SolutionProperties) = preSolution
		HideSolutionNode = FALSE
	EndGlobalSection
	GlobalSection(ExtensibilityGlobals) = postSolution
		SolutionGuid = {CC9D03C6-F089-4033-990B-0D72764716E0}
	EndGlobalSection
EndGlobal
